
Microsoft Visual Studio Solution File, Format Version 12.00
# Visual Studio Version 17
VisualStudioVersion = 17.11.35431.28
MinimumVisualStudioVersion = 10.0.40219.1
Project("{FAE04EC0-301F-11D3-BF4B-00C04F79EFBC}") = "ConsoleApp17", "ConsoleApp17\ConsoleApp17.csproj", "{5C2F8820-5CF0-449F-8DDD-DF085950465A}"
EndProject
Global
	GlobalSection(SolutionConfigurationPlatforms) = preSolution
		Debug|Any CPU = Debug|Any CPU
		Release|Any CPU = Release|Any CPU
	EndGlobalSection
	GlobalSection(ProjectConfigurationPlatforms) = postSolution
		{5C2F8820-5CF0-449F-8DDD-DF085950465A}.Debug|Any CPU.ActiveCfg = Debug|Any CPU
		{5C2F8820-5CF0-449F-8DDD-DF085950465A}.Debug|Any CPU.Build.0 = Debug|Any CPU
		{5C2F8820-5CF0-449F-8DDD-DF085950465A}.Release|Any CPU.ActiveCfg = Release|Any CPU
		{5C2F8820-5CF0-449F-8DDD-DF085950465A}.Release|Any CPU.Build.0 = Release|Any CPU
	EndGlobalSection
	GlobalSection(SolutionProperties) = preSolution
		HideSolutionNode = FALSE
	EndGlobalSection
	GlobalSection(ExtensibilityGlobals) = postSolution
		SolutionGuid = {7041F661-645B-47D9-AA5F-0B7DB275F956}
	EndGlobalSection
EndGlobal
